
Microsoft Visual Studio Solution File, Format Version 12.00
Project("{FAE04EC0-301F-11D3-BF4B-00C04F79EFBC}") = "Task 1", "Task 1\Task 1.csproj", "{6E294257-4066-4FB1-8744-5AA72F0EBE11}"
EndProject
Project("{FAE04EC0-301F-11D3-BF4B-00C04F79EFBC}") = "Task 2", "Task 2\Task 2.csproj", "{F2FBE37E-B486-453E-8FCD-443A88996919}"
EndProject
Project("{FAE04EC0-301F-11D3-BF4B-00C04F79EFBC}") = "Task 3", "Task 3\Task 3.csproj", "{7D6B2C17-D0E5-4A76-9F34-8FFDBFBEE3AA}"
EndProject
Project("{FAE04EC0-301F-11D3-BF4B-00C04F79EFBC}") = "Task 4", "Task 4\Task 4.csproj", "{E80B790B-5835-4C20-91D6-A8B496ECD8DB}"
EndProject
Project("{FAE04EC0-301F-11D3-BF4B-00C04F79EFBC}") = "Task 5", "Task 5\Task 5.csproj", "{384A7FC1-2D71-4C25-967F-1CFFC79ED679}"
EndProject
Project("{FAE04EC0-301F-11D3-BF4B-00C04F79EFBC}") = "Task 6", "Task 6\Task 6.csproj", "{609B9F95-0EE1-48AD-9A5F-B4B26F478ABB}"
EndProject
Global
	GlobalSection(SolutionConfigurationPlatforms) = preSolution
		Debug|Any CPU = Debug|Any CPU
		Release|Any CPU = Release|Any CPU
	EndGlobalSection
	GlobalSection(ProjectConfigurationPlatforms) = postSolution
		{6E294257-4066-4FB1-8744-5AA72F0EBE11}.Debug|Any CPU.ActiveCfg = Debug|Any CPU
		{6E294257-4066-4FB1-8744-5AA72F0EBE11}.Debug|Any CPU.Build.0 = Debug|Any CPU
		{6E294257-4066-4FB1-8744-5AA72F0EBE11}.Release|Any CPU.ActiveCfg = Release|Any CPU
		{6E294257-4066-4FB1-8744-5AA72F0EBE11}.Release|Any CPU.Build.0 = Release|Any CPU
		{F2FBE37E-B486-453E-8FCD-443A88996919}.Debug|Any CPU.ActiveCfg = Debug|Any CPU
		{F2FBE37E-B486-453E-8FCD-443A88996919}.Debug|Any CPU.Build.0 = Debug|Any CPU
		{F2FBE37E-B486-453E-8FCD-443A88996919}.Release|Any CPU.ActiveCfg = Release|Any CPU
		{F2FBE37E-B486-453E-8FCD-443A88996919}.Release|Any CPU.Build.0 = Release|Any CPU
		{7D6B2C17-D0E5-4A76-9F34-8FFDBFBEE3AA}.Debug|Any CPU.ActiveCfg = Debug|Any CPU
		{7D6B2C17-D0E5-4A76-9F34-8FFDBFBEE3AA}.Debug|Any CPU.Build.0 = Debug|Any CPU
		{7D6B2C17-D0E5-4A76-9F34-8FFDBFBEE3AA}.Release|Any CPU.ActiveCfg = Release|Any CPU
		{7D6B2C17-D0E5-4A76-9F34-8FFDBFBEE3AA}.Release|Any CPU.Build.0 = Release|Any CPU
		{E80B790B-5835-4C20-91D6-A8B496ECD8DB}.Debug|Any CPU.ActiveCfg = Debug|Any CPU
		{E80B790B-5835-4C20-91D6-A8B496ECD8DB}.Debug|Any CPU.Build.0 = Debug|Any CPU
		{E80B790B-5835-4C20-91D6-A8B496ECD8DB}.Release|Any CPU.ActiveCfg = Release|Any CPU
		{E80B790B-5835-4C20-91D6-A8B496ECD8DB}.Release|Any CPU.Build.0 = Release|Any CPU
		{384A7FC1-2D71-4C25-967F-1CFFC79ED679}.Debug|Any CPU.ActiveCfg = Debug|Any CPU
		{384A7FC1-2D71-4C25-967F-1CFFC79ED679}.Debug|Any CPU.Build.0 = Debug|Any CPU
		{384A7FC1-2D71-4C25-967F-1CFFC79ED679}.Release|Any CPU.ActiveCfg = Release|Any CPU
		{384A7FC1-2D71-4C25-967F-1CFFC79ED679}.Release|Any CPU.Build.0 = Release|Any CPU
		{609B9F95-0EE1-48AD-9A5F-B4B26F478ABB}.Debug|Any CPU.ActiveCfg = Debug|Any CPU
		{609B9F95-0EE1-48AD-9A5F-B4B26F478ABB}.Debug|Any CPU.Build.0 = Debug|Any CPU
		{609B9F95-0EE1-48AD-9A5F-B4B26F478ABB}.Release|Any CPU.ActiveCfg = Release|Any CPU
		{609B9F95-0EE1-48AD-9A5F-B4B26F478ABB}.Release|Any CPU.Build.0 = Release|Any CPU
	EndGlobalSection
EndGlobal
